{
  "name": "aditi-satish-research",
  "version": "2.0.0",
  "lockfileVersion": 3,
  "requires": true,
  "packages": {
    "": {
      "name": "aditi-satish-research",
      "version": "2.0.0",
      "devDependencies": {
        "@types/node": "^22.13.9",
        "typescript": "^5.8.2",
        "vite": "^6.2.0"
      }
    },
    "node_modules/@esbuild/aix-ppc64": {
      "version": "0.25.12",
      "resolved": "https://registry.npmjs.org/@esbuild/aix-ppc64/-/aix-ppc64-0.25.12.tgz",
      "integrity": "sha512-Hhmwd6CInZ3dwpuGTF8fJG6yoWmsToE+vYgD4nytZVxcu1ulHpUQRAB1UJ8+N1Am3Mz4+xOByoQoSZf4D+CpkA==",
      "cpu": [
        "ppc64"
      ],
      "dev": true,
      "license": "MIT",
      "optional": true,
      "os": [
        "aix"
      ],
      "engines": {
        "node": ">=18"
      }
    },
    "node_modules/@types/node": {
      "version": "22.13.9",
      "resolved": "https://registry.npmjs.org/@types/node/-/node-22.13.9.tgz",
      "integrity": "sha512-Gp6C9KAeZcJZxzxZBrGTmJQXVJ1KbFKbK2pV7FiLBnp8yMM8wQ6L/xyKdQR2e8HrQCsC0AwDvZYb8zIX3S+Sg==",
      "dev": true,
      "license": "MIT",
      "dependencies": {
        "undici-types": "~6.21.0"
      }
    },
    "node_modules/undici-types": {
      "version": "6.21.0",
      "resolved": "https://registry.npmjs.org/undici-types/-/undici-types-6.21.0.tgz",
      "integrity": "sha512-qa5Z5Y+FUyAJW2wZCH6YMnHJVEgNn5x1wuzLHw1hzs/djodqJnlMLDfiRZ+Zx5hY1CrUGdCbLlMbEIIH5fP/wQ==",
      "dev": true,
      "license": "MIT"
    },
    "node_modules/typescript": {
      "version": "5.8.2",
      "resolved": "https://registry.npmjs.org/typescript/-/typescript-5.8.2.tgz",
      "integrity": "sha512-M8thCJlB6XCPZC6+LqAqMEYpvB8d9+/pSoPEZM46g5JJ9F2iqCmCVXGPBF3EdwGE7MnkfQk5c1XaQe73kJ2cRw==",
      "dev": true,
      "license": "Apache-2.0",
      "bin": {
        "tsc": "bin/tsc",
        "tsserver": "bin/tsserver"
      },
      "engines": {
        "node": ">=14.17"
      }
    },
    "node_modules/vite": {
      "version": "6.2.0",
      "resolved": "https://registry.npmjs.org/vite/-/vite-6.2.0.tgz",
      "integrity": "sha512-Z0mxW27g5XBZGNT2d3KU32YiHPkIbC7VPM4WPs0dCwIqnZBCmVDsKJfVmPXYjexqLJdCdNwDxZwCqRJgG+EHvQ==",
      "dev": true,
      "license": "MIT",
      "bin": {
        "vite": "bin/vite.js"
      },
      "engines": {
        "node": "^18.0.0 || >=20.0.0"
      },
      "peerDependencies": {
        "@types/node": ">=18.11.0",
        "less": "*",
        "lightningcss": "*",
        "sass": "*",
        "stylus": "*",
        "sugarss": "*",
        "terser": "*"
      },
      "peerDependenciesMeta": {
        "@types/node": {
          "optional": true
        },
        "less": {
          "optional": true
        },
        "lightningcss": {
          "optional": true
        },
        "sass": {
          "optional": true
        },
        "stylus": {
          "optional": true
        },
        "sugarss": {
          "optional": true
        },
        "terser": {
          "optional": true
        }
      }
    }
  }
}
